
Microsoft Visual Studio Solution File, Format Version 12.00
# Visual Studio 16
Project("{FAE04EC0-301F-11D3-BF4B-00C04F79EFBC}") = "Assembly-CSharp", "Assembly-CSharp.csproj", "{B2B140C3-7B22-C3E0-D715-BE64D376F481}"
EndProject
Project("{FAE04EC0-301F-11D3-BF4B-00C04F79EFBC}") = "Assembly-CSharp-Editor", "Assembly-CSharp-Editor.csproj", "{7ABF06DD-CBB3-E5B5-12A5-33802143A1AF}"
EndProject
Global
	GlobalSection(SolutionConfigurationPlatforms) = preSolution
		Debug|Any CPU = Debug|Any CPU
		Release|Any CPU = Release|Any CPU
	EndGlobalSection
	GlobalSection(ProjectConfigurationPlatforms) = postSolution
		{B2B140C3-7B22-C3E0-D715-BE64D376F481}.Debug|Any CPU.ActiveCfg = Debug|Any CPU
		{B2B140C3-7B22-C3E0-D715-BE64D376F481}.Debug|Any CPU.Build.0 = Debug|Any CPU
		{B2B140C3-7B22-C3E0-D715-BE64D376F481}.Release|Any CPU.ActiveCfg = Release|Any CPU
		{B2B140C3-7B22-C3E0-D715-BE64D376F481}.Release|Any CPU.Build.0 = Release|Any CPU
		{7ABF06DD-CBB3-E5B5-12A5-33802143A1AF}.Debug|Any CPU.ActiveCfg = Debug|Any CPU
		{7ABF06DD-CBB3-E5B5-12A5-33802143A1AF}.Debug|Any CPU.Build.0 = Debug|Any CPU
		{7ABF06DD-CBB3-E5B5-12A5-33802143A1AF}.Release|Any CPU.ActiveCfg = Release|Any CPU
		{7ABF06DD-CBB3-E5B5-12A5-33802143A1AF}.Release|Any CPU.Build.0 = Release|Any CPU
	EndGlobalSection
	GlobalSection(SolutionProperties) = preSolution
		HideSolutionNode = FALSE
	EndGlobalSection
EndGlobal
